// !$*UTF8*$!
{
	archiveVersion = 1;
	classes = {
	};
	objectVersion = 50;
	objects = {

/* Begin PBXBuildFile section */
		F405519E23E1535900029193 /* AppDelegate.swift in Sources */ = {isa = PBXBuildFile; fileRef = F405519D23E1535900029193 /* AppDelegate.swift */; };
		F40551A023E1535900029193 /* SceneDelegate.swift in Sources */ = {isa = PBXBuildFile; fileRef = F405519F23E1535900029193 /* SceneDelegate.swift */; };
		F40551A223E1535900029193 /* ViewController.swift in Sources */ = {isa = PBXBuildFile; fileRef = F40551A123E1535900029193 /* ViewController.swift */; };
		F40551A523E1535900029193 /* Main.storyboard in Resources */ = {isa = PBXBuildFile; fileRef = F40551A323E1535900029193 /* Main.storyboard */; };
		F40551A723E1535B00029193 /* Assets.xcassets in Resources */ = {isa = PBXBuildFile; fileRef = F40551A623E1535B00029193 /* Assets.xcassets */; };
		F40551AA23E1535B00029193 /* LaunchScreen.storyboard in Resources */ = {isa = PBXBuildFile; fileRef = F40551A823E1535B00029193 /* LaunchScreen.storyboard */; };
		F40551B523E1535B00029193 /* MetaWeatherTests.swift in Sources */ = {isa = PBXBuildFile; fileRef = F40551B423E1535B00029193 /* MetaWeatherTests.swift */; };
		F40551C123E1544B00029193 /* NetworkHelper.swift in Sources */ = {isa = PBXBuildFile; fileRef = F40551C023E1544B00029193 /* NetworkHelper.swift */; };
		F40551C423E1560C00029193 /* MetaWeatherModel.swift in Sources */ = {isa = PBXBuildFile; fileRef = F40551C323E1560C00029193 /* MetaWeatherModel.swift */; };
		F40551C723E15DE600029193 /* MetaWeatherAPI.swift in Sources */ = {isa = PBXBuildFile; fileRef = F40551C623E15DE600029193 /* MetaWeatherAPI.swift */; };
/* End PBXBuildFile section */

/* Begin PBXContainerItemProxy section */
		F40551B123E1535B00029193 /* PBXContainerItemProxy */ = {
			isa = PBXContainerItemProxy;
			containerPortal = F405519223E1535900029193 /* Project object */;
			proxyType = 1;
			remoteGlobalIDString = F405519923E1535900029193;
			remoteInfo = MetaWeather;
		};
/* End PBXContainerItemProxy section */

/* Begin PBXFileReference section */
		F405519A23E1535900029193 /* MetaWeather.app */ = {isa = PBXFileReference; explicitFileType = wrapper.application; includeInIndex = 0; path = MetaWeather.app; sourceTree = BUILT_PRODUCTS_DIR; };
		F405519D23E1535900029193 /* AppDelegate.swift */ = {isa = PBXFileReference; lastKnownFileType = sourcecode.swift; path = AppDelegate.swift; sourceTree = "<group>"; };
		F405519F23E1535900029193 /* SceneDelegate.swift */ = {isa = PBXFileReference; lastKnownFileType = sourcecode.swift; path = SceneDelegate.swift; sourceTree = "<group>"; };
		F40551A123E1535900029193 /* ViewController.swift */ = {isa = PBXFileReference; lastKnownFileType = sourcecode.swift; path = ViewController.swift; sourceTree = "<group>"; };
		F40551A423E1535900029193 /* Base */ = {isa = PBXFileReference; lastKnownFileType = file.storyboard; name = Base; path = Base.lproj/Main.storyboard; sourceTree = "<group>"; };
		F40551A623E1535B00029193 /* Assets.xcassets */ = {isa = PBXFileReference; lastKnownFileType = folder.assetcatalog; path = Assets.xcassets; sourceTree = "<group>"; };
		F40551A923E1535B00029193 /* Base */ = {isa = PBXFileReference; lastKnownFileType = file.storyboard; name = Base; path = Base.lproj/LaunchScreen.storyboard; sourceTree = "<group>"; };
		F40551AB23E1535B00029193 /* Info.plist */ = {isa = PBXFileReference; lastKnownFileType = text.plist.xml; path = Info.plist; sourceTree = "<group>"; };
		F40551B023E1535B00029193 /* MetaWeatherTests.xctest */ = {isa = PBXFileReference; explicitFileType = wrapper.cfbundle; includeInIndex = 0; path = MetaWeatherTests.xctest; sourceTree = BUILT_PRODUCTS_DIR; };
		F40551B423E1535B00029193 /* MetaWeatherTests.swift */ = {isa = PBXFileReference; lastKnownFileType = sourcecode.swift; path = MetaWeatherTests.swift; sourceTree = "<group>"; };
		F40551B623E1535B00029193 /* Info.plist */ = {isa = PBXFileReference; lastKnownFileType = text.plist.xml; path = Info.plist; sourceTree = "<group>"; };
		F40551C023E1544B00029193 /* NetworkHelper.swift */ = {isa = PBXFileReference; lastKnownFileType = sourcecode.swift; path = NetworkHelper.swift; sourceTree = "<group>"; };
		F40551C323E1560C00029193 /* MetaWeatherModel.swift */ = {isa = PBXFileReference; lastKnownFileType = sourcecode.swift; path = MetaWeatherModel.swift; sourceTree = "<group>"; };
		F40551C623E15DE600029193 /* MetaWeatherAPI.swift */ = {isa = PBXFileReference; lastKnownFileType = sourcecode.swift; path = MetaWeatherAPI.swift; sourceTree = "<group>"; };
/* End PBXFileReference section */

/* Begin PBXFrameworksBuildPhase section */
		F405519723E1535900029193 /* Frameworks */ = {
			isa = PBXFrameworksBuildPhase;
			buildActionMask = 2147483647;
			files = (
			);
			runOnlyForDeploymentPostprocessing = 0;
		};
		F40551AD23E1535B00029193 /* Frameworks */ = {
			isa = PBXFrameworksBuildPhase;
			buildActionMask = 2147483647;
			files = (
			);
			runOnlyForDeploymentPostprocessing = 0;
		};
/* End PBXFrameworksBuildPhase section */

/* Begin PBXGroup section */
		F405519123E1535900029193 = {
			isa = PBXGroup;
			children = (
				F40551BF23E1542200029193 /* Shared */,
				F405519C23E1535900029193 /* MetaWeather */,
				F40551B323E1535B00029193 /* MetaWeatherTests */,
				F405519B23E1535900029193 /* Products */,
			);
			sourceTree = "<group>";
		};
		F405519B23E1535900029193 /* Products */ = {
			isa = PBXGroup;
			children = (
				F405519A23E1535900029193 /* MetaWeather.app */,
				F40551B023E1535B00029193 /* MetaWeatherTests.xctest */,
			);
			name = Products;
			sourceTree = "<group>";
		};
		F405519C23E1535900029193 /* MetaWeather */ = {
			isa = PBXGroup;
			children = (
				F405519D23E1535900029193 /* AppDelegate.swift */,
				F405519F23E1535900029193 /* SceneDelegate.swift */,
				F40551A123E1535900029193 /* ViewController.swift */,
				F40551A323E1535900029193 /* Main.storyboard */,
				F40551A623E1535B00029193 /* Assets.xcassets */,
				F40551A823E1535B00029193 /* LaunchScreen.storyboard */,
				F40551AB23E1535B00029193 /* Info.plist */,
			);
			path = MetaWeather;
			sourceTree = "<group>";
		};
		F40551B323E1535B00029193 /* MetaWeatherTests */ = {
			isa = PBXGroup;
			children = (
				F40551B423E1535B00029193 /* MetaWeatherTests.swift */,
				F40551B623E1535B00029193 /* Info.plist */,
			);
			path = MetaWeatherTests;
			sourceTree = "<group>";
		};
		F40551BF23E1542200029193 /* Shared */ = {
			isa = PBXGroup;
			children = (
				F40551C523E15DC600029193 /* APIs */,
				F40551C223E1558C00029193 /* Models */,
				F40551C023E1544B00029193 /* NetworkHelper.swift */,
			);
			path = Shared;
			sourceTree = "<group>";
		};
		F40551C223E1558C00029193 /* Models */ = {
			isa = PBXGroup;
			children = (
				F40551C323E1560C00029193 /* MetaWeatherModel.swift */,
			);
			path = Models;
			sourceTree = "<group>";
		};
		F40551C523E15DC600029193 /* APIs */ = {
			isa = PBXGroup;
			children = (
				F40551C623E15DE600029193 /* MetaWeatherAPI.swift */,
			);
			path = APIs;
			sourceTree = "<group>";
		};
/* End PBXGroup section */

/* Begin PBXNativeTarget section */
		F405519923E1535900029193 /* MetaWeather */ = {
			isa = PBXNativeTarget;
			buildConfigurationList = F40551B923E1535B00029193 /* Build configuration list for PBXNativeTarget "MetaWeather" */;
			buildPhases = (
				F405519623E1535900029193 /* Sources */,
				F405519723E1535900029193 /* Frameworks */,
				F405519823E1535900029193 /* Resources */,
			);
			buildRules = (
			);
			dependencies = (
			);
			name = MetaWeather;
			productName = MetaWeather;
			productReference = F405519A23E1535900029193 /* MetaWeather.app */;
			productType = "com.apple.product-type.application";
		};
		F40551AF23E1535B00029193 /* MetaWeatherTests */ = {
			isa = PBXNativeTarget;
			buildConfigurationList = F40551BC23E1535B00029193 /* Build configuration list for PBXNativeTarget "MetaWeatherTests" */;
			buildPhases = (
				F40551AC23E1535B00029193 /* Sources */,
				F40551AD23E1535B00029193 /* Frameworks */,
				F40551AE23E1535B00029193 /* Resources */,
			);
			buildRules = (
			);
			dependencies = (
				F40551B223E1535B00029193 /* PBXTargetDependency */,
			);
			name = MetaWeatherTests;
			productName = MetaWeatherTests;
			productReference = F40551B023E1535B00029193 /* MetaWeatherTests.xctest */;
			productType = "com.apple.product-type.bundle.unit-test";
		};
/* End PBXNativeTarget section */

/* Begin PBXProject section */
		F405519223E1535900029193 /* Project object */ = {
			isa = PBXProject;
			attributes = {
				LastSwiftUpdateCheck = 1130;
				LastUpgradeCheck = 1130;
				ORGANIZATIONNAME = FP;
				TargetAttributes = {
					F405519923E1535900029193 = {
						CreatedOnToolsVersion = 11.3.1;
					};
					F40551AF23E1535B00029193 = {
						CreatedOnToolsVersion = 11.3.1;
						TestTargetID = F405519923E1535900029193;
					};
				};
			};
			buildConfigurationList = F405519523E1535900029193 /* Build configuration list for PBXProject "MetaWeather" */;
			compatibilityVersion = "Xcode 9.3";
			developmentRegion = en;
			hasScannedForEncodings = 0;
			knownRegions = (
				en,
				Base,
			);
			mainGroup = F405519123E1535900029193;
			productRefGroup = F405519B23E1535900029193 /* Products */;
			projectDirPath = "";
			projectRoot = "";
			targets = (
				F405519923E1535900029193 /* MetaWeather */,
				F40551AF23E1535B00029193 /* MetaWeatherTests */,
			);
		};
/* End PBXProject section */

/* Begin PBXResourcesBuildPhase section */
		F405519823E1535900029193 /* Resources */ = {
			isa = PBXResourcesBuildPhase;
			buildActionMask = 2147483647;
			files = (
				F40551AA23E1535B00029193 /* LaunchScreen.storyboard in Resources */,
				F40551A723E1535B00029193 /* Assets.xcassets in Resources */,
				F40551A523E1535900029193 /* Main.storyboard in Resources */,
			);
			runOnlyForDeploymentPostprocessing = 0;
		};
		F40551AE23E1535B00029193 /* Resources */ = {
			isa = PBXResourcesBuildPhase;
			buildActionMask = 2147483647;
			files = (
			);
			runOnlyForDeploymentPostprocessing = 0;
		};
/* End PBXResourcesBuildPhase section */

/* Begin PBXSourcesBuildPhase section */
		F405519623E1535900029193 /* Sources */ = {
			isa = PBXSourcesBuildPhase;
			buildActionMask = 2147483647;
			files = (
				F40551C723E15DE600029193 /* MetaWeatherAPI.swift in Sources */,
				F40551C123E1544B00029193 /* NetworkHelper.swift in Sources */,
				F40551A223E1535900029193 /* ViewController.swift in Sources */,
				F405519E23E1535900029193 /* AppDelegate.swift in Sources */,
				F40551C423E1560C00029193 /* MetaWeatherModel.swift in Sources */,
				F40551A023E1535900029193 /* SceneDelegate.swift in Sources */,
			);
			runOnlyForDeploymentPostprocessing = 0;
		};
		F40551AC23E1535B00029193 /* Sources */ = {
			isa = PBXSourcesBuildPhase;
			buildActionMask = 2147483647;
			files = (
				F40551B523E1535B00029193 /* MetaWeatherTests.swift in Sources */,
			);
			runOnlyForDeploymentPostprocessing = 0;
		};
/* End PBXSourcesBuildPhase section */

/* Begin PBXTargetDependency section */
		F40551B223E1535B00029193 /* PBXTargetDependency */ = {
			isa = PBXTargetDependency;
			target = F405519923E1535900029193 /* MetaWeather */;
			targetProxy = F40551B123E1535B00029193 /* PBXContainerItemProxy */;
		};
/* End PBXTargetDependency section */

/* Begin PBXVariantGroup section */
		F40551A323E1535900029193 /* Main.storyboard */ = {
			isa = PBXVariantGroup;
			children = (
				F40551A423E1535900029193 /* Base */,
			);
			name = Main.storyboard;
			sourceTree = "<group>";
		};
		F40551A823E1535B00029193 /* LaunchScreen.storyboard */ = {
			isa = PBXVariantGroup;
			children = (
				F40551A923E1535B00029193 /* Base */,
			);
			name = LaunchScreen.storyboard;
			sourceTree = "<group>";
		};
/* End PBXVariantGroup section */

/* Begin XCBuildConfiguration section */
		F40551B723E1535B00029193 /* Debug */ = {
			isa = XCBuildConfiguration;
			buildSettings = {
				ALWAYS_SEARCH_USER_PATHS = NO;
				CLANG_ANALYZER_NONNULL = YES;
				CLANG_ANALYZER_NUMBER_OBJECT_CONVERSION = YES_AGGRESSIVE;
				CLANG_CXX_LANGUAGE_STANDARD = "gnu++14";
				CLANG_CXX_LIBRARY = "libc++";
				CLANG_ENABLE_MODULES = YES;
				CLANG_ENABLE_OBJC_ARC = YES;
				CLANG_ENABLE_OBJC_WEAK = YES;
				CLANG_WARN_BLOCK_CAPTURE_AUTORELEASING = YES;
				CLANG_WARN_BOOL_CONVERSION = YES;
				CLANG_WARN_COMMA = YES;
				CLANG_WARN_CONSTANT_CONVERSION = YES;
				CLANG_WARN_DEPRECATED_OBJC_IMPLEMENTATIONS = YES;
				CLANG_WARN_DIRECT_OBJC_ISA_USAGE = YES_ERROR;
				CLANG_WARN_DOCUMENTATION_COMMENTS = YES;
				CLANG_WARN_EMPTY_BODY = YES;
				CLANG_WARN_ENUM_CONVERSION = YES;
				CLANG_WARN_INFINITE_RECURSION = YES;
				CLANG_WARN_INT_CONVERSION = YES;
				CLANG_WARN_NON_LITERAL_NULL_CONVERSION = YES;
				CLANG_WARN_OBJC_IMPLICIT_RETAIN_SELF = YES;
				CLANG_WARN_OBJC_LITERAL_CONVERSION = YES;
				CLANG_WARN_OBJC_ROOT_CLASS = YES_ERROR;
				CLANG_WARN_RANGE_LOOP_ANALYSIS = YES;
				CLANG_WARN_STRICT_PROTOTYPES = YES;
				CLANG_WARN_SUSPICIOUS_MOVE = YES;
				CLANG_WARN_UNGUARDED_AVAILABILITY = YES_AGGRESSIVE;
				CLANG_WARN_UNREACHABLE_CODE = YES;
				CLANG_WARN__DUPLICATE_METHOD_MATCH = YES;
				COPY_PHASE_STRIP = NO;
				DEBUG_INFORMATION_FORMAT = dwarf;
				ENABLE_STRICT_OBJC_MSGSEND = YES;
				ENABLE_TESTABILITY = YES;
				GCC_C_LANGUAGE_STANDARD = gnu11;
				GCC_DYNAMIC_NO_PIC = NO;
				GCC_NO_COMMON_BLOCKS = YES;
				GCC_OPTIMIZATION_LEVEL = 0;
				GCC_PREPROCESSOR_DEFINITIONS = (
					"DEBUG=1",
					"$(inherited)",
				);
				GCC_WARN_64_TO_32_BIT_CONVERSION = YES;
				GCC_WARN_ABOUT_RETURN_TYPE = YES_ERROR;
				GCC_WARN_UNDECLARED_SELECTOR = YES;
				GCC_WARN_UNINITIALIZED_AUTOS = YES_AGGRESSIVE;
				GCC_WARN_UNUSED_FUNCTION = YES;
				GCC_WARN_UNUSED_VARIABLE = YES;
				IPHONEOS_DEPLOYMENT_TARGET = 13.2;
				MTL_ENABLE_DEBUG_INFO = INCLUDE_SOURCE;
				MTL_FAST_MATH = YES;
				ONLY_ACTIVE_ARCH = YES;
				SDKROOT = iphoneos;
				SWIFT_ACTIVE_COMPILATION_CONDITIONS = DEBUG;
				SWIFT_OPTIMIZATION_LEVEL = "-Onone";
			};
			name = Debug;
		};
		F40551B823E1535B00029193 /* Release */ = {
			isa = XCBuildConfiguration;
			buildSettings = {
				ALWAYS_SEARCH_USER_PATHS = NO;
				CLANG_ANALYZER_NONNULL = YES;
				CLANG_ANALYZER_NUMBER_OBJECT_CONVERSION = YES_AGGRESSIVE;
				CLANG_CXX_LANGUAGE_STANDARD = "gnu++14";
				CLANG_CXX_LIBRARY = "libc++";
				CLANG_ENABLE_MODULES = YES;
				CLANG_ENABLE_OBJC_ARC = YES;
				CLANG_ENABLE_OBJC_WEAK = YES;
				CLANG_WARN_BLOCK_CAPTURE_AUTORELEASING = YES;
				CLANG_WARN_BOOL_CONVERSION = YES;
				CLANG_WARN_COMMA = YES;
				CLANG_WARN_CONSTANT_CONVERSION = YES;
				CLANG_WARN_DEPRECATED_OBJC_IMPLEMENTATIONS = YES;
				CLANG_WARN_DIRECT_OBJC_ISA_USAGE = YES_ERROR;
				CLANG_WARN_DOCUMENTATION_COMMENTS = YES;
				CLANG_WARN_EMPTY_BODY = YES;
				CLANG_WARN_ENUM_CONVERSION = YES;
				CLANG_WARN_INFINITE_RECURSION = YES;
				CLANG_WARN_INT_CONVERSION = YES;
				CLANG_WARN_NON_LITERAL_NULL_CONVERSION = YES;
				CLANG_WARN_OBJC_IMPLICIT_RETAIN_SELF = YES;
				CLANG_WARN_OBJC_LITERAL_CONVERSION = YES;
				CLANG_WARN_OBJC_ROOT_CLASS = YES_ERROR;
				CLANG_WARN_RANGE_LOOP_ANALYSIS = YES;
				CLANG_WARN_STRICT_PROTOTYPES = YES;
				CLANG_WARN_SUSPICIOUS_MOVE = YES;
				CLANG_WARN_UNGUARDED_AVAILABILITY = YES_AGGRESSIVE;
				CLANG_WARN_UNREACHABLE_CODE = YES;
				CLANG_WARN__DUPLICATE_METHOD_MATCH = YES;
				COPY_PHASE_STRIP = NO;
				DEBUG_INFORMATION_FORMAT = "dwarf-with-dsym";
				ENABLE_NS_ASSERTIONS = NO;
				ENABLE_STRICT_OBJC_MSGSEND = YES;
				GCC_C_LANGUAGE_STANDARD = gnu11;
				GCC_NO_COMMON_BLOCKS = YES;
				GCC_WARN_64_TO_32_BIT_CONVERSION = YES;
				GCC_WARN_ABOUT_RETURN_TYPE = YES_ERROR;
				GCC_WARN_UNDECLARED_SELECTOR = YES;
				GCC_WARN_UNINITIALIZED_AUTOS = YES_AGGRESSIVE;
				GCC_WARN_UNUSED_FUNCTION = YES;
				GCC_WARN_UNUSED_VARIABLE = YES;
				IPHONEOS_DEPLOYMENT_TARGET = 13.2;
				MTL_ENABLE_DEBUG_INFO = NO;
				MTL_FAST_MATH = YES;
				SDKROOT = iphoneos;
				SWIFT_COMPILATION_MODE = wholemodule;
				SWIFT_OPTIMIZATION_LEVEL = "-O";
				VALIDATE_PRODUCT = YES;
			};
			name = Release;
		};
		F40551BA23E1535B00029193 /* Debug */ = {
			isa = XCBuildConfiguration;
			buildSettings = {
				ASSETCATALOG_COMPILER_APPICON_NAME = AppIcon;
				CODE_SIGN_STYLE = Automatic;
				INFOPLIST_FILE = MetaWeather/Info.plist;
				LD_RUNPATH_SEARCH_PATHS = (
					"$(inherited)",
					"@executable_path/Frameworks",
				);
				PRODUCT_BUNDLE_IDENTIFIER = com.weather.MetaWeather;
				PRODUCT_NAME = "$(TARGET_NAME)";
				SWIFT_VERSION = 5.0;
				TARGETED_DEVICE_FAMILY = "1,2";
			};
			name = Debug;
		};
		F40551BB23E1535B00029193 /* Release */ = {
			isa = XCBuildConfiguration;
			buildSettings = {
				ASSETCATALOG_COMPILER_APPICON_NAME = AppIcon;
				CODE_SIGN_STYLE = Automatic;
				INFOPLIST_FILE = MetaWeather/Info.plist;
				LD_RUNPATH_SEARCH_PATHS = (
					"$(inherited)",
					"@executable_path/Frameworks",
				);
				PRODUCT_BUNDLE_IDENTIFIER = com.weather.MetaWeather;
				PRODUCT_NAME = "$(TARGET_NAME)";
				SWIFT_VERSION = 5.0;
				TARGETED_DEVICE_FAMILY = "1,2";
			};
			name = Release;
		};
		F40551BD23E1535B00029193 /* Debug */ = {
			isa = XCBuildConfiguration;
			buildSettings = {
				ALWAYS_EMBED_SWIFT_STANDARD_LIBRARIES = YES;
				BUNDLE_LOADER = "$(TEST_HOST)";
				CODE_SIGN_STYLE = Automatic;
				INFOPLIST_FILE = MetaWeatherTests/Info.plist;
				IPHONEOS_DEPLOYMENT_TARGET = 13.2;
				LD_RUNPATH_SEARCH_PATHS = (
					"$(inherited)",
					"@executable_path/Frameworks",
					"@loader_path/Frameworks",
				);
				PRODUCT_BUNDLE_IDENTIFIER = com.weather.MetaWeatherTests;
				PRODUCT_NAME = "$(TARGET_NAME)";
				SWIFT_VERSION = 5.0;
				TARGETED_DEVICE_FAMILY = "1,2";
				TEST_HOST = "$(BUILT_PRODUCTS_DIR)/MetaWeather.app/MetaWeather";
			};
			name = Debug;
		};
		F40551BE23E1535B00029193 /* Release */ = {
			isa = XCBuildConfiguration;
			buildSettings = {
				ALWAYS_EMBED_SWIFT_STANDARD_LIBRARIES = YES;
				BUNDLE_LOADER = "$(TEST_HOST)";
				CODE_SIGN_STYLE = Automatic;
				INFOPLIST_FILE = MetaWeatherTests/Info.plist;
				IPHONEOS_DEPLOYMENT_TARGET = 13.2;
				LD_RUNPATH_SEARCH_PATHS = (
					"$(inherited)",
					"@executable_path/Frameworks",
					"@loader_path/Frameworks",
				);
				PRODUCT_BUNDLE_IDENTIFIER = com.weather.MetaWeatherTests;
				PRODUCT_NAME = "$(TARGET_NAME)";
				SWIFT_VERSION = 5.0;
				TARGETED_DEVICE_FAMILY = "1,2";
				TEST_HOST = "$(BUILT_PRODUCTS_DIR)/MetaWeather.app/MetaWeather";
			};
			name = Release;
		};
/* End XCBuildConfiguration section */

/* Begin XCConfigurationList section */
		F405519523E1535900029193 /* Build configuration list for PBXProject "MetaWeather" */ = {
			isa = XCConfigurationList;
			buildConfigurations = (
				F40551B723E1535B00029193 /* Debug */,
				F40551B823E1535B00029193 /* Release */,
			);
			defaultConfigurationIsVisible = 0;
			defaultConfigurationName = Release;
		};
		F40551B923E1535B00029193 /* Build configuration list for PBXNativeTarget "MetaWeather" */ = {
			isa = XCConfigurationList;
			buildConfigurations = (
				F40551BA23E1535B00029193 /* Debug */,
				F40551BB23E1535B00029193 /* Release */,
			);
			defaultConfigurationIsVisible = 0;
			defaultConfigurationName = Release;
		};
		F40551BC23E1535B00029193 /* Build configuration list for PBXNativeTarget "MetaWeatherTests" */ = {
			isa = XCConfigurationList;
			buildConfigurations = (
				F40551BD23E1535B00029193 /* Debug */,
				F40551BE23E1535B00029193 /* Release */,
			);
			defaultConfigurationIsVisible = 0;
			defaultConfigurationName = Release;
		};
/* End XCConfigurationList section */
	};
	rootObject = F405519223E1535900029193 /* Project object */;
}
